# This file is automatically @generated by Cargo.
# It is not intended for manual editing.
version = 3

[[package]]
name = "arrayvec"
version = "0.7.2"
source = "registry+https://github.com/rust-lang/crates.io-index"
checksum = "8da52d66c7071e2e3fa2a1e5c6d088fec47b593032b254f5e980de8ea54454d6"

[[package]]
name = "autocfg"
version = "1.1.0"
source = "registry+https://github.com/rust-lang/crates.io-index"
checksum = "d468802bab17cbc0cc575e9b053f41e72aa36bfa6b7f55e3529ffa43161b97fa"

[[package]]
name = "csv"
version = "1.2.1"
source = "registry+https://github.com/rust-lang/crates.io-index"
checksum = "0b015497079b9a9d69c02ad25de6c0a6edef051ea6360a327d0bd05802ef64ad"
dependencies = [
 "csv-core",
 "itoa",
 "ryu",
 "serde",
]

[[package]]
name = "csv-core"
version = "0.1.10"
source = "registry+https://github.com/rust-lang/crates.io-index"
checksum = "2b2466559f260f48ad25fe6317b3c8dac77b5bdb5763ac7d9d6103530663bc90"
dependencies = [
 "memchr",
]

[[package]]
name = "itoa"
version = "1.0.6"
source = "registry+https://github.com/rust-lang/crates.io-index"
checksum = "453ad9f582a441959e5f0d088b02ce04cfe8d51a8eaf077f12ac6d3e94164ca6"

[[package]]
name = "memchr"
version = "2.5.0"
source = "registry+https://github.com/rust-lang/crates.io-index"
checksum = "2dffe52ecf27772e601905b7522cb4ef790d2cc203488bbd0e2fe85fcb74566d"

[[package]]
name = "money"
version = "0.1.0"
source = "registry+https://github.com/rust-lang/crates.io-index"
checksum = "f45a69b1cd8da860f59b31632ce232d4052708604dd608efd8faf45bc9b41009"

[[package]]
name = "mortgage_calc"
version = "0.1.0"
dependencies = [
 "csv",
 "money",
 "rust",
 "rusty-money",
]

[[package]]
name = "num-traits"
version = "0.2.15"
source = "registry+https://github.com/rust-lang/crates.io-index"
checksum = "578ede34cf02f8924ab9447f50c28075b4d3e5b269972345e7e0372b38c6cdcd"
dependencies = [
 "autocfg",
]

[[package]]
name = "proc-macro2"
version = "1.0.59"
source = "registry+https://github.com/rust-lang/crates.io-index"
checksum = "6aeca18b86b413c660b781aa319e4e2648a3e6f9eadc9b47e9038e6fe9f3451b"
dependencies = [
 "unicode-ident",
]

[[package]]
name = "quote"
version = "1.0.28"
source = "registry+https://github.com/rust-lang/crates.io-index"
checksum = "1b9ab9c7eadfd8df19006f1cf1a4aed13540ed5cbc047010ece5826e10825488"
dependencies = [
 "proc-macro2",
]

[[package]]
name = "rust"
version = "0.0.1"
source = "registry+https://github.com/rust-lang/crates.io-index"
checksum = "27536d990f1cdbda21d87a5e708a77510369e344b2c7a89bef48c775949a7f32"

[[package]]
name = "rust_decimal"
version = "1.29.1"
source = "registry+https://github.com/rust-lang/crates.io-index"
checksum = "26bd36b60561ee1fb5ec2817f198b6fd09fa571c897a5e86d1487cfc2b096dfc"
dependencies = [
 "arrayvec",
 "num-traits",
]

[[package]]
name = "rust_decimal_macros"
version = "1.29.1"
source = "registry+https://github.com/rust-lang/crates.io-index"
checksum = "0e773fd3da1ed42472fdf3cfdb4972948a555bc3d73f5e0bdb99d17e7b54c687"
dependencies = [
 "quote",
 "rust_decimal",
]

[[package]]
name = "rusty-money"
version = "0.4.1"
source = "registry+https://github.com/rust-lang/crates.io-index"
checksum = "5b28f881005eac7ad8d46b6f075da5f322bd7f4f83a38720fc069694ddadd683"
dependencies = [
 "rust_decimal",
 "rust_decimal_macros",
]

[[package]]
name = "ryu"
version = "1.0.13"
source = "registry+https://github.com/rust-lang/crates.io-index"
checksum = "f91339c0467de62360649f8d3e185ca8de4224ff281f66000de5eb2a77a79041"

[[package]]
name = "serde"
version = "1.0.163"
source = "registry+https://github.com/rust-lang/crates.io-index"
checksum = "2113ab51b87a539ae008b5c6c02dc020ffa39afd2d83cffcb3f4eb2722cebec2"

[[package]]
name = "unicode-ident"
version = "1.0.9"
source = "registry+https://github.com/rust-lang/crates.io-index"
checksum = "b15811caf2415fb889178633e7724bad2509101cde276048e013b9def5e51fa0"
